
Microsoft Visual Studio Solution File, Format Version 12.00
# Visual Studio Version 17
VisualStudioVersion = 17.1.32421.90
MinimumVisualStudioVersion = 10.0.40219.1
Project("{FAE04EC0-301F-11D3-BF4B-00C04F79EFBC}") = "Challenge2", "Challenge2\Challenge2.csproj", "{B99CB732-FAF7-464A-B856-36DB022C449E}"
EndProject
Global
	GlobalSection(SolutionConfigurationPlatforms) = preSolution
		Debug|Any CPU = Debug|Any CPU
		Release|Any CPU = Release|Any CPU
	EndGlobalSection
	GlobalSection(ProjectConfigurationPlatforms) = postSolution
		{B99CB732-FAF7-464A-B856-36DB022C449E}.Debug|Any CPU.ActiveCfg = Debug|Any CPU
		{B99CB732-FAF7-464A-B856-36DB022C449E}.Debug|Any CPU.Build.0 = Debug|Any CPU
		{B99CB732-FAF7-464A-B856-36DB022C449E}.Release|Any CPU.ActiveCfg = Release|Any CPU
		{B99CB732-FAF7-464A-B856-36DB022C449E}.Release|Any CPU.Build.0 = Release|Any CPU
	EndGlobalSection
	GlobalSection(SolutionProperties) = preSolution
		HideSolutionNode = FALSE
	EndGlobalSection
	GlobalSection(ExtensibilityGlobals) = postSolution
		SolutionGuid = {12999D52-6D21-45E5-A9D9-0A257E2F0619}
	EndGlobalSection
EndGlobal
